
Microsoft Visual Studio Solution File, Format Version 12.00
# Visual Studio Version 17
VisualStudioVersion = 17.2.32616.157
MinimumVisualStudioVersion = 10.0.40219.1
Project("{2150E333-8FDC-42A3-9474-1A3956D46DE8}") = "CleanArch.Application", "CleanArch.Application", "{26A28622-03C0-48A9-BD99-4513E62D9BC3}"
EndProject
Project("{2150E333-8FDC-42A3-9474-1A3956D46DE8}") = "CleanArch.Domain", "CleanArch.Domain", "{0CC7BC13-E646-4674-ADAA-DEBB02F5B359}"
EndProject
Project("{2150E333-8FDC-42A3-9474-1A3956D46DE8}") = "CleanArch.Infra.IoC", "CleanArch.Infra.IoC", "{041F182C-D978-494D-8677-C7677F1E6DA2}"
EndProject
Project("{2150E333-8FDC-42A3-9474-1A3956D46DE8}") = "CleanArch.Infra.Data", "CleanArch.Infra.Data", "{39E9A090-BB17-4B04-ACA3-8EF6B935CCCE}"
EndProject
Project("{2150E333-8FDC-42A3-9474-1A3956D46DE8}") = "CleanArch.UI.Mvc", "CleanArch.UI.Mvc", "{AC69DBE5-46B7-4A3E-A895-5FB5F3085CC1}"
EndProject
Project("{FAE04EC0-301F-11D3-BF4B-00C04F79EFBC}") = "CleanArch.Mvc", "WebApplication1\CleanArch.Mvc.csproj", "{BB7FCA77-7F95-47B3-97C9-07038C94A886}"
EndProject
Global
	GlobalSection(SolutionConfigurationPlatforms) = preSolution
		Debug|Any CPU = Debug|Any CPU
		Release|Any CPU = Release|Any CPU
	EndGlobalSection
	GlobalSection(ProjectConfigurationPlatforms) = postSolution
		{BB7FCA77-7F95-47B3-97C9-07038C94A886}.Debug|Any CPU.ActiveCfg = Debug|Any CPU
		{BB7FCA77-7F95-47B3-97C9-07038C94A886}.Debug|Any CPU.Build.0 = Debug|Any CPU
		{BB7FCA77-7F95-47B3-97C9-07038C94A886}.Release|Any CPU.ActiveCfg = Release|Any CPU
		{BB7FCA77-7F95-47B3-97C9-07038C94A886}.Release|Any CPU.Build.0 = Release|Any CPU
	EndGlobalSection
	GlobalSection(SolutionProperties) = preSolution
		HideSolutionNode = FALSE
	EndGlobalSection
	GlobalSection(NestedProjects) = preSolution
		{BB7FCA77-7F95-47B3-97C9-07038C94A886} = {AC69DBE5-46B7-4A3E-A895-5FB5F3085CC1}
	EndGlobalSection
	GlobalSection(ExtensibilityGlobals) = postSolution
		SolutionGuid = {2A6B36B2-96BF-48B3-B1E8-E8AE0505343B}
	EndGlobalSection
EndGlobal
